
Microsoft Visual Studio Solution File, Format Version 12.00
# Visual Studio Version 17
VisualStudioVersion = 17.3.32922.545
MinimumVisualStudioVersion = 10.0.40219.1
Project("{FAE04EC0-301F-11D3-BF4B-00C04F79EFBC}") = "Tuan3", "Tuan3\Tuan3.csproj", "{579774C7-8466-41B0-B070-678AD48BF8FE}"
EndProject
Global
	GlobalSection(SolutionConfigurationPlatforms) = preSolution
		Debug|Any CPU = Debug|Any CPU
		Release|Any CPU = Release|Any CPU
	EndGlobalSection
	GlobalSection(ProjectConfigurationPlatforms) = postSolution
		{579774C7-8466-41B0-B070-678AD48BF8FE}.Debug|Any CPU.ActiveCfg = Debug|Any CPU
		{579774C7-8466-41B0-B070-678AD48BF8FE}.Debug|Any CPU.Build.0 = Debug|Any CPU
		{579774C7-8466-41B0-B070-678AD48BF8FE}.Release|Any CPU.ActiveCfg = Release|Any CPU
		{579774C7-8466-41B0-B070-678AD48BF8FE}.Release|Any CPU.Build.0 = Release|Any CPU
	EndGlobalSection
	GlobalSection(SolutionProperties) = preSolution
		HideSolutionNode = FALSE
	EndGlobalSection
	GlobalSection(ExtensibilityGlobals) = postSolution
		SolutionGuid = {35241D83-685B-4F31-B342-E3967813CFBE}
	EndGlobalSection
EndGlobal
